
Microsoft Visual Studio Solution File, Format Version 12.00
# Visual Studio Version 17
VisualStudioVersion = 17.6.33815.320
MinimumVisualStudioVersion = 10.0.40219.1
Project("{FAE04EC0-301F-11D3-BF4B-00C04F79EFBC}") = "10", "10\10.csproj", "{7AE033EC-70A5-4101-A74F-66F26B0DBB97}"
EndProject
Global
	GlobalSection(SolutionConfigurationPlatforms) = preSolution
		Debug|Any CPU = Debug|Any CPU
		Release|Any CPU = Release|Any CPU
	EndGlobalSection
	GlobalSection(ProjectConfigurationPlatforms) = postSolution
		{7AE033EC-70A5-4101-A74F-66F26B0DBB97}.Debug|Any CPU.ActiveCfg = Debug|Any CPU
		{7AE033EC-70A5-4101-A74F-66F26B0DBB97}.Debug|Any CPU.Build.0 = Debug|Any CPU
		{7AE033EC-70A5-4101-A74F-66F26B0DBB97}.Release|Any CPU.ActiveCfg = Release|Any CPU
		{7AE033EC-70A5-4101-A74F-66F26B0DBB97}.Release|Any CPU.Build.0 = Release|Any CPU
	EndGlobalSection
	GlobalSection(SolutionProperties) = preSolution
		HideSolutionNode = FALSE
	EndGlobalSection
	GlobalSection(ExtensibilityGlobals) = postSolution
		SolutionGuid = {BD5E2783-E647-46A1-833E-D6BE8F0E8119}
	EndGlobalSection
EndGlobal
